// !$*UTF8*$!
{
	archiveVersion = 1;
	classes = {
	};
	objectVersion = 55;
	objects = {

/* Begin PBXBuildFile section */
		DB71C3B827A4248900D83E8B /* AppDelegate.swift in Sources */ = {isa = PBXBuildFile; fileRef = DB71C3B727A4248900D83E8B /* AppDelegate.swift */; };
		DB71C3BA27A4248900D83E8B /* art.scnassets in Resources */ = {isa = PBXBuildFile; fileRef = DB71C3B927A4248900D83E8B /* art.scnassets */; };
		DB71C3BC27A4248900D83E8B /* ViewController.swift in Sources */ = {isa = PBXBuildFile; fileRef = DB71C3BB27A4248900D83E8B /* ViewController.swift */; };
		DB71C3BF27A4248900D83E8B /* Main.storyboard in Resources */ = {isa = PBXBuildFile; fileRef = DB71C3BD27A4248900D83E8B /* Main.storyboard */; };
		DB71C3C127A4248A00D83E8B /* Assets.xcassets in Resources */ = {isa = PBXBuildFile; fileRef = DB71C3C027A4248A00D83E8B /* Assets.xcassets */; };
		DB71C3C427A4248A00D83E8B /* LaunchScreen.storyboard in Resources */ = {isa = PBXBuildFile; fileRef = DB71C3C227A4248A00D83E8B /* LaunchScreen.storyboard */; };
		DB71C3CE27A4248B00D83E8B /* ARkitSampleTests.swift in Sources */ = {isa = PBXBuildFile; fileRef = DB71C3CD27A4248B00D83E8B /* ARkitSampleTests.swift */; };
		DB71C3D827A4248B00D83E8B /* ARkitSampleUITests.swift in Sources */ = {isa = PBXBuildFile; fileRef = DB71C3D727A4248B00D83E8B /* ARkitSampleUITests.swift */; };
		DB71C3DA27A4248B00D83E8B /* ARkitSampleUITestsLaunchTests.swift in Sources */ = {isa = PBXBuildFile; fileRef = DB71C3D927A4248B00D83E8B /* ARkitSampleUITestsLaunchTests.swift */; };
/* End PBXBuildFile section */

/* Begin PBXContainerItemProxy section */
		DB71C3CA27A4248B00D83E8B /* PBXContainerItemProxy */ = {
			isa = PBXContainerItemProxy;
			containerPortal = DB71C3AC27A4248900D83E8B /* Project object */;
			proxyType = 1;
			remoteGlobalIDString = DB71C3B327A4248900D83E8B;
			remoteInfo = ARkitSample;
		};
		DB71C3D427A4248B00D83E8B /* PBXContainerItemProxy */ = {
			isa = PBXContainerItemProxy;
			containerPortal = DB71C3AC27A4248900D83E8B /* Project object */;
			proxyType = 1;
			remoteGlobalIDString = DB71C3B327A4248900D83E8B;
			remoteInfo = ARkitSample;
		};
/* End PBXContainerItemProxy section */

/* Begin PBXFileReference section */
		DB71C3B427A4248900D83E8B /* ARkitSample.app */ = {isa = PBXFileReference; explicitFileType = wrapper.application; includeInIndex = 0; path = ARkitSample.app; sourceTree = BUILT_PRODUCTS_DIR; };
		DB71C3B727A4248900D83E8B /* AppDelegate.swift */ = {isa = PBXFileReference; lastKnownFileType = sourcecode.swift; path = AppDelegate.swift; sourceTree = "<group>"; };
		DB71C3B927A4248900D83E8B /* art.scnassets */ = {isa = PBXFileReference; lastKnownFileType = wrapper.scnassets; path = art.scnassets; sourceTree = "<group>"; };
		DB71C3BB27A4248900D83E8B /* ViewController.swift */ = {isa = PBXFileReference; lastKnownFileType = sourcecode.swift; path = ViewController.swift; sourceTree = "<group>"; };
		DB71C3BE27A4248900D83E8B /* Base */ = {isa = PBXFileReference; lastKnownFileType = file.storyboard; name = Base; path = Base.lproj/Main.storyboard; sourceTree = "<group>"; };
		DB71C3C027A4248A00D83E8B /* Assets.xcassets */ = {isa = PBXFileReference; lastKnownFileType = folder.assetcatalog; path = Assets.xcassets; sourceTree = "<group>"; };
		DB71C3C327A4248A00D83E8B /* Base */ = {isa = PBXFileReference; lastKnownFileType = file.storyboard; name = Base; path = Base.lproj/LaunchScreen.storyboard; sourceTree = "<group>"; };
		DB71C3C927A4248B00D83E8B /* ARkitSampleTests.xctest */ = {isa = PBXFileReference; explicitFileType = wrapper.cfbundle; includeInIndex = 0; path = ARkitSampleTests.xctest; sourceTree = BUILT_PRODUCTS_DIR; };
		DB71C3CD27A4248B00D83E8B /* ARkitSampleTests.swift */ = {isa = PBXFileReference; lastKnownFileType = sourcecode.swift; path = ARkitSampleTests.swift; sourceTree = "<group>"; };
		DB71C3D327A4248B00D83E8B /* ARkitSampleUITests.xctest */ = {isa = PBXFileReference; explicitFileType = wrapper.cfbundle; includeInIndex = 0; path = ARkitSampleUITests.xctest; sourceTree = BUILT_PRODUCTS_DIR; };
		DB71C3D727A4248B00D83E8B /* ARkitSampleUITests.swift */ = {isa = PBXFileReference; lastKnownFileType = sourcecode.swift; path = ARkitSampleUITests.swift; sourceTree = "<group>"; };
		DB71C3D927A4248B00D83E8B /* ARkitSampleUITestsLaunchTests.swift */ = {isa = PBXFileReference; lastKnownFileType = sourcecode.swift; path = ARkitSampleUITestsLaunchTests.swift; sourceTree = "<group>"; };
/* End PBXFileReference section */

/* Begin PBXFrameworksBuildPhase section */
		DB71C3B127A4248900D83E8B /* Frameworks */ = {
			isa = PBXFrameworksBuildPhase;
			buildActionMask = 2147483647;
			files = (
			);
			runOnlyForDeploymentPostprocessing = 0;
		};
		DB71C3C627A4248B00D83E8B /* Frameworks */ = {
			isa = PBXFrameworksBuildPhase;
			buildActionMask = 2147483647;
			files = (
			);
			runOnlyForDeploymentPostprocessing = 0;
		};
		DB71C3D027A4248B00D83E8B /* Frameworks */ = {
			isa = PBXFrameworksBuildPhase;
			buildActionMask = 2147483647;
			files = (
			);
			runOnlyForDeploymentPostprocessing = 0;
		};
/* End PBXFrameworksBuildPhase section */

/* Begin PBXGroup section */
		DB71C3AB27A4248900D83E8B = {
			isa = PBXGroup;
			children = (
				DB71C3B627A4248900D83E8B /* ARkitSample */,
				DB71C3CC27A4248B00D83E8B /* ARkitSampleTests */,
				DB71C3D627A4248B00D83E8B /* ARkitSampleUITests */,
				DB71C3B527A4248900D83E8B /* Products */,
			);
			sourceTree = "<group>";
		};
		DB71C3B527A4248900D83E8B /* Products */ = {
			isa = PBXGroup;
			children = (
				DB71C3B427A4248900D83E8B /* ARkitSample.app */,
				DB71C3C927A4248B00D83E8B /* ARkitSampleTests.xctest */,
				DB71C3D327A4248B00D83E8B /* ARkitSampleUITests.xctest */,
			);
			name = Products;
			sourceTree = "<group>";
		};
		DB71C3B627A4248900D83E8B /* ARkitSample */ = {
			isa = PBXGroup;
			children = (
				DB71C3B727A4248900D83E8B /* AppDelegate.swift */,
				DB71C3B927A4248900D83E8B /* art.scnassets */,
				DB71C3BB27A4248900D83E8B /* ViewController.swift */,
				DB71C3BD27A4248900D83E8B /* Main.storyboard */,
				DB71C3C027A4248A00D83E8B /* Assets.xcassets */,
				DB71C3C227A4248A00D83E8B /* LaunchScreen.storyboard */,
			);
			path = ARkitSample;
			sourceTree = "<group>";
		};
		DB71C3CC27A4248B00D83E8B /* ARkitSampleTests */ = {
			isa = PBXGroup;
			children = (
				DB71C3CD27A4248B00D83E8B /* ARkitSampleTests.swift */,
			);
			path = ARkitSampleTests;
			sourceTree = "<group>";
		};
		DB71C3D627A4248B00D83E8B /* ARkitSampleUITests */ = {
			isa = PBXGroup;
			children = (
				DB71C3D727A4248B00D83E8B /* ARkitSampleUITests.swift */,
				DB71C3D927A4248B00D83E8B /* ARkitSampleUITestsLaunchTests.swift */,
			);
			path = ARkitSampleUITests;
			sourceTree = "<group>";
		};
/* End PBXGroup section */

/* Begin PBXNativeTarget section */
		DB71C3B327A4248900D83E8B /* ARkitSample */ = {
			isa = PBXNativeTarget;
			buildConfigurationList = DB71C3DD27A4248B00D83E8B /* Build configuration list for PBXNativeTarget "ARkitSample" */;
			buildPhases = (
				DB71C3B027A4248900D83E8B /* Sources */,
				DB71C3B127A4248900D83E8B /* Frameworks */,
				DB71C3B227A4248900D83E8B /* Resources */,
			);
			buildRules = (
			);
			dependencies = (
			);
			name = ARkitSample;
			productName = ARkitSample;
			productReference = DB71C3B427A4248900D83E8B /* ARkitSample.app */;
			productType = "com.apple.product-type.application";
		};
		DB71C3C827A4248B00D83E8B /* ARkitSampleTests */ = {
			isa = PBXNativeTarget;
			buildConfigurationList = DB71C3E027A4248B00D83E8B /* Build configuration list for PBXNativeTarget "ARkitSampleTests" */;
			buildPhases = (
				DB71C3C527A4248B00D83E8B /* Sources */,
				DB71C3C627A4248B00D83E8B /* Frameworks */,
				DB71C3C727A4248B00D83E8B /* Resources */,
			);
			buildRules = (
			);
			dependencies = (
				DB71C3CB27A4248B00D83E8B /* PBXTargetDependency */,
			);
			name = ARkitSampleTests;
			productName = ARkitSampleTests;
			productReference = DB71C3C927A4248B00D83E8B /* ARkitSampleTests.xctest */;
			productType = "com.apple.product-type.bundle.unit-test";
		};
		DB71C3D227A4248B00D83E8B /* ARkitSampleUITests */ = {
			isa = PBXNativeTarget;
			buildConfigurationList = DB71C3E327A4248B00D83E8B /* Build configuration list for PBXNativeTarget "ARkitSampleUITests" */;
			buildPhases = (
				DB71C3CF27A4248B00D83E8B /* Sources */,
				DB71C3D027A4248B00D83E8B /* Frameworks */,
				DB71C3D127A4248B00D83E8B /* Resources */,
			);
			buildRules = (
			);
			dependencies = (
				DB71C3D527A4248B00D83E8B /* PBXTargetDependency */,
			);
			name = ARkitSampleUITests;
			productName = ARkitSampleUITests;
			productReference = DB71C3D327A4248B00D83E8B /* ARkitSampleUITests.xctest */;
			productType = "com.apple.product-type.bundle.ui-testing";
		};
/* End PBXNativeTarget section */

/* Begin PBXProject section */
		DB71C3AC27A4248900D83E8B /* Project object */ = {
			isa = PBXProject;
			attributes = {
				BuildIndependentTargetsInParallel = 1;
				LastSwiftUpdateCheck = 1320;
				LastUpgradeCheck = 1320;
				TargetAttributes = {
					DB71C3B327A4248900D83E8B = {
						CreatedOnToolsVersion = 13.2.1;
					};
					DB71C3C827A4248B00D83E8B = {
						CreatedOnToolsVersion = 13.2.1;
						TestTargetID = DB71C3B327A4248900D83E8B;
					};
					DB71C3D227A4248B00D83E8B = {
						CreatedOnToolsVersion = 13.2.1;
						TestTargetID = DB71C3B327A4248900D83E8B;
					};
				};
			};
			buildConfigurationList = DB71C3AF27A4248900D83E8B /* Build configuration list for PBXProject "ARkitSample" */;
			compatibilityVersion = "Xcode 13.0";
			developmentRegion = en;
			hasScannedForEncodings = 0;
			knownRegions = (
				en,
				Base,
			);
			mainGroup = DB71C3AB27A4248900D83E8B;
			productRefGroup = DB71C3B527A4248900D83E8B /* Products */;
			projectDirPath = "";
			projectRoot = "";
			targets = (
				DB71C3B327A4248900D83E8B /* ARkitSample */,
				DB71C3C827A4248B00D83E8B /* ARkitSampleTests */,
				DB71C3D227A4248B00D83E8B /* ARkitSampleUITests */,
			);
		};
/* End PBXProject section */

/* Begin PBXResourcesBuildPhase section */
		DB71C3B227A4248900D83E8B /* Resources */ = {
			isa = PBXResourcesBuildPhase;
			buildActionMask = 2147483647;
			files = (
				DB71C3BA27A4248900D83E8B /* art.scnassets in Resources */,
				DB71C3C427A4248A00D83E8B /* LaunchScreen.storyboard in Resources */,
				DB71C3C127A4248A00D83E8B /* Assets.xcassets in Resources */,
				DB71C3BF27A4248900D83E8B /* Main.storyboard in Resources */,
			);
			runOnlyForDeploymentPostprocessing = 0;
		};
		DB71C3C727A4248B00D83E8B /* Resources */ = {
			isa = PBXResourcesBuildPhase;
			buildActionMask = 2147483647;
			files = (
			);
			runOnlyForDeploymentPostprocessing = 0;
		};
		DB71C3D127A4248B00D83E8B /* Resources */ = {
			isa = PBXResourcesBuildPhase;
			buildActionMask = 2147483647;
			files = (
			);
			runOnlyForDeploymentPostprocessing = 0;
		};
/* End PBXResourcesBuildPhase section */

/* Begin PBXSourcesBuildPhase section */
		DB71C3B027A4248900D83E8B /* Sources */ = {
			isa = PBXSourcesBuildPhase;
			buildActionMask = 2147483647;
			files = (
				DB71C3BC27A4248900D83E8B /* ViewController.swift in Sources */,
				DB71C3B827A4248900D83E8B /* AppDelegate.swift in Sources */,
			);
			runOnlyForDeploymentPostprocessing = 0;
		};
		DB71C3C527A4248B00D83E8B /* Sources */ = {
			isa = PBXSourcesBuildPhase;
			buildActionMask = 2147483647;
			files = (
				DB71C3CE27A4248B00D83E8B /* ARkitSampleTests.swift in Sources */,
			);
			runOnlyForDeploymentPostprocessing = 0;
		};
		DB71C3CF27A4248B00D83E8B /* Sources */ = {
			isa = PBXSourcesBuildPhase;
			buildActionMask = 2147483647;
			files = (
				DB71C3DA27A4248B00D83E8B /* ARkitSampleUITestsLaunchTests.swift in Sources */,
				DB71C3D827A4248B00D83E8B /* ARkitSampleUITests.swift in Sources */,
			);
			runOnlyForDeploymentPostprocessing = 0;
		};
/* End PBXSourcesBuildPhase section */

/* Begin PBXTargetDependency section */
		DB71C3CB27A4248B00D83E8B /* PBXTargetDependency */ = {
			isa = PBXTargetDependency;
			target = DB71C3B327A4248900D83E8B /* ARkitSample */;
			targetProxy = DB71C3CA27A4248B00D83E8B /* PBXContainerItemProxy */;
		};
		DB71C3D527A4248B00D83E8B /* PBXTargetDependency */ = {
			isa = PBXTargetDependency;
			target = DB71C3B327A4248900D83E8B /* ARkitSample */;
			targetProxy = DB71C3D427A4248B00D83E8B /* PBXContainerItemProxy */;
		};
/* End PBXTargetDependency section */

/* Begin PBXVariantGroup section */
		DB71C3BD27A4248900D83E8B /* Main.storyboard */ = {
			isa = PBXVariantGroup;
			children = (
				DB71C3BE27A4248900D83E8B /* Base */,
			);
			name = Main.storyboard;
			sourceTree = "<group>";
		};
		DB71C3C227A4248A00D83E8B /* LaunchScreen.storyboard */ = {
			isa = PBXVariantGroup;
			children = (
				DB71C3C327A4248A00D83E8B /* Base */,
			);
			name = LaunchScreen.storyboard;
			sourceTree = "<group>";
		};
/* End PBXVariantGroup section */

/* Begin XCBuildConfiguration section */
		DB71C3DB27A4248B00D83E8B /* Debug */ = {
			isa = XCBuildConfiguration;
			buildSettings = {
				ALWAYS_SEARCH_USER_PATHS = NO;
				CLANG_ANALYZER_NONNULL = YES;
				CLANG_ANALYZER_NUMBER_OBJECT_CONVERSION = YES_AGGRESSIVE;
				CLANG_CXX_LANGUAGE_STANDARD = "gnu++17";
				CLANG_CXX_LIBRARY = "libc++";
				CLANG_ENABLE_MODULES = YES;
				CLANG_ENABLE_OBJC_ARC = YES;
				CLANG_ENABLE_OBJC_WEAK = YES;
				CLANG_WARN_BLOCK_CAPTURE_AUTORELEASING = YES;
				CLANG_WARN_BOOL_CONVERSION = YES;
				CLANG_WARN_COMMA = YES;
				CLANG_WARN_CONSTANT_CONVERSION = YES;
				CLANG_WARN_DEPRECATED_OBJC_IMPLEMENTATIONS = YES;
				CLANG_WARN_DIRECT_OBJC_ISA_USAGE = YES_ERROR;
				CLANG_WARN_DOCUMENTATION_COMMENTS = YES;
				CLANG_WARN_EMPTY_BODY = YES;
				CLANG_WARN_ENUM_CONVERSION = YES;
				CLANG_WARN_INFINITE_RECURSION = YES;
				CLANG_WARN_INT_CONVERSION = YES;
				CLANG_WARN_NON_LITERAL_NULL_CONVERSION = YES;
				CLANG_WARN_OBJC_IMPLICIT_RETAIN_SELF = YES;
				CLANG_WARN_OBJC_LITERAL_CONVERSION = YES;
				CLANG_WARN_OBJC_ROOT_CLASS = YES_ERROR;
				CLANG_WARN_QUOTED_INCLUDE_IN_FRAMEWORK_HEADER = YES;
				CLANG_WARN_RANGE_LOOP_ANALYSIS = YES;
				CLANG_WARN_STRICT_PROTOTYPES = YES;
				CLANG_WARN_SUSPICIOUS_MOVE = YES;
				CLANG_WARN_UNGUARDED_AVAILABILITY = YES_AGGRESSIVE;
				CLANG_WARN_UNREACHABLE_CODE = YES;
				CLANG_WARN__DUPLICATE_METHOD_MATCH = YES;
				COPY_PHASE_STRIP = NO;
				DEBUG_INFORMATION_FORMAT = dwarf;
				ENABLE_STRICT_OBJC_MSGSEND = YES;
				ENABLE_TESTABILITY = YES;
				GCC_C_LANGUAGE_STANDARD = gnu11;
				GCC_DYNAMIC_NO_PIC = NO;
				GCC_NO_COMMON_BLOCKS = YES;
				GCC_OPTIMIZATION_LEVEL = 0;
				GCC_PREPROCESSOR_DEFINITIONS = (
					"DEBUG=1",
					"$(inherited)",
				);
				GCC_WARN_64_TO_32_BIT_CONVERSION = YES;
				GCC_WARN_ABOUT_RETURN_TYPE = YES_ERROR;
				GCC_WARN_UNDECLARED_SELECTOR = YES;
				GCC_WARN_UNINITIALIZED_AUTOS = YES_AGGRESSIVE;
				GCC_WARN_UNUSED_FUNCTION = YES;
				GCC_WARN_UNUSED_VARIABLE = YES;
				IPHONEOS_DEPLOYMENT_TARGET = 15.2;
				MTL_ENABLE_DEBUG_INFO = INCLUDE_SOURCE;
				MTL_FAST_MATH = YES;
				ONLY_ACTIVE_ARCH = YES;
				SDKROOT = iphoneos;
				SWIFT_ACTIVE_COMPILATION_CONDITIONS = DEBUG;
				SWIFT_OPTIMIZATION_LEVEL = "-Onone";
			};
			name = Debug;
		};
		DB71C3DC27A4248B00D83E8B /* Release */ = {
			isa = XCBuildConfiguration;
			buildSettings = {
				ALWAYS_SEARCH_USER_PATHS = NO;
				CLANG_ANALYZER_NONNULL = YES;
				CLANG_ANALYZER_NUMBER_OBJECT_CONVERSION = YES_AGGRESSIVE;
				CLANG_CXX_LANGUAGE_STANDARD = "gnu++17";
				CLANG_CXX_LIBRARY = "libc++";
				CLANG_ENABLE_MODULES = YES;
				CLANG_ENABLE_OBJC_ARC = YES;
				CLANG_ENABLE_OBJC_WEAK = YES;
				CLANG_WARN_BLOCK_CAPTURE_AUTORELEASING = YES;
				CLANG_WARN_BOOL_CONVERSION = YES;
				CLANG_WARN_COMMA = YES;
				CLANG_WARN_CONSTANT_CONVERSION = YES;
				CLANG_WARN_DEPRECATED_OBJC_IMPLEMENTATIONS = YES;
				CLANG_WARN_DIRECT_OBJC_ISA_USAGE = YES_ERROR;
				CLANG_WARN_DOCUMENTATION_COMMENTS = YES;
				CLANG_WARN_EMPTY_BODY = YES;
				CLANG_WARN_ENUM_CONVERSION = YES;
				CLANG_WARN_INFINITE_RECURSION = YES;
				CLANG_WARN_INT_CONVERSION = YES;
				CLANG_WARN_NON_LITERAL_NULL_CONVERSION = YES;
				CLANG_WARN_OBJC_IMPLICIT_RETAIN_SELF = YES;
				CLANG_WARN_OBJC_LITERAL_CONVERSION = YES;
				CLANG_WARN_OBJC_ROOT_CLASS = YES_ERROR;
				CLANG_WARN_QUOTED_INCLUDE_IN_FRAMEWORK_HEADER = YES;
				CLANG_WARN_RANGE_LOOP_ANALYSIS = YES;
				CLANG_WARN_STRICT_PROTOTYPES = YES;
				CLANG_WARN_SUSPICIOUS_MOVE = YES;
				CLANG_WARN_UNGUARDED_AVAILABILITY = YES_AGGRESSIVE;
				CLANG_WARN_UNREACHABLE_CODE = YES;
				CLANG_WARN__DUPLICATE_METHOD_MATCH = YES;
				COPY_PHASE_STRIP = NO;
				DEBUG_INFORMATION_FORMAT = "dwarf-with-dsym";
				ENABLE_NS_ASSERTIONS = NO;
				ENABLE_STRICT_OBJC_MSGSEND = YES;
				GCC_C_LANGUAGE_STANDARD = gnu11;
				GCC_NO_COMMON_BLOCKS = YES;
				GCC_WARN_64_TO_32_BIT_CONVERSION = YES;
				GCC_WARN_ABOUT_RETURN_TYPE = YES_ERROR;
				GCC_WARN_UNDECLARED_SELECTOR = YES;
				GCC_WARN_UNINITIALIZED_AUTOS = YES_AGGRESSIVE;
				GCC_WARN_UNUSED_FUNCTION = YES;
				GCC_WARN_UNUSED_VARIABLE = YES;
				IPHONEOS_DEPLOYMENT_TARGET = 15.2;
				MTL_ENABLE_DEBUG_INFO = NO;
				MTL_FAST_MATH = YES;
				SDKROOT = iphoneos;
				SWIFT_COMPILATION_MODE = wholemodule;
				SWIFT_OPTIMIZATION_LEVEL = "-O";
				VALIDATE_PRODUCT = YES;
			};
			name = Release;
		};
		DB71C3DE27A4248B00D83E8B /* Debug */ = {
			isa = XCBuildConfiguration;
			buildSettings = {
				ASSETCATALOG_COMPILER_APPICON_NAME = AppIcon;
				ASSETCATALOG_COMPILER_GLOBAL_ACCENT_COLOR_NAME = AccentColor;
				CODE_SIGN_STYLE = Automatic;
				CURRENT_PROJECT_VERSION = 1;
				DEVELOPMENT_TEAM = 7SXQHR274J;
				GENERATE_INFOPLIST_FILE = YES;
				INFOPLIST_KEY_NSCameraUsageDescription = "";
				INFOPLIST_KEY_UIApplicationSupportsIndirectInputEvents = YES;
				INFOPLIST_KEY_UILaunchStoryboardName = LaunchScreen;
				INFOPLIST_KEY_UIMainStoryboardFile = Main;
				INFOPLIST_KEY_UIRequiredDeviceCapabilities = arkit;
				INFOPLIST_KEY_UIStatusBarHidden = YES;
				INFOPLIST_KEY_UISupportedInterfaceOrientations_iPad = "UIInterfaceOrientationPortrait UIInterfaceOrientationPortraitUpsideDown UIInterfaceOrientationLandscapeLeft UIInterfaceOrientationLandscapeRight";
				INFOPLIST_KEY_UISupportedInterfaceOrientations_iPhone = "UIInterfaceOrientationPortrait UIInterfaceOrientationLandscapeLeft UIInterfaceOrientationLandscapeRight";
				LD_RUNPATH_SEARCH_PATHS = (
					"$(inherited)",
					"@executable_path/Frameworks",
				);
				MARKETING_VERSION = 1.0;
				PRODUCT_BUNDLE_IDENTIFIER = student.ARkitSample;
				PRODUCT_NAME = "$(TARGET_NAME)";
				SWIFT_EMIT_LOC_STRINGS = YES;
				SWIFT_VERSION = 5.0;
				TARGETED_DEVICE_FAMILY = "1,2";
			};
			name = Debug;
		};
		DB71C3DF27A4248B00D83E8B /* Release */ = {
			isa = XCBuildConfiguration;
			buildSettings = {
				ASSETCATALOG_COMPILER_APPICON_NAME = AppIcon;
				ASSETCATALOG_COMPILER_GLOBAL_ACCENT_COLOR_NAME = AccentColor;
				CODE_SIGN_STYLE = Automatic;
				CURRENT_PROJECT_VERSION = 1;
				DEVELOPMENT_TEAM = 7SXQHR274J;
				GENERATE_INFOPLIST_FILE = YES;
				INFOPLIST_KEY_NSCameraUsageDescription = "";
				INFOPLIST_KEY_UIApplicationSupportsIndirectInputEvents = YES;
				INFOPLIST_KEY_UILaunchStoryboardName = LaunchScreen;
				INFOPLIST_KEY_UIMainStoryboardFile = Main;
				INFOPLIST_KEY_UIRequiredDeviceCapabilities = arkit;
				INFOPLIST_KEY_UIStatusBarHidden = YES;
				INFOPLIST_KEY_UISupportedInterfaceOrientations_iPad = "UIInterfaceOrientationPortrait UIInterfaceOrientationPortraitUpsideDown UIInterfaceOrientationLandscapeLeft UIInterfaceOrientationLandscapeRight";
				INFOPLIST_KEY_UISupportedInterfaceOrientations_iPhone = "UIInterfaceOrientationPortrait UIInterfaceOrientationLandscapeLeft UIInterfaceOrientationLandscapeRight";
				LD_RUNPATH_SEARCH_PATHS = (
					"$(inherited)",
					"@executable_path/Frameworks",
				);
				MARKETING_VERSION = 1.0;
				PRODUCT_BUNDLE_IDENTIFIER = student.ARkitSample;
				PRODUCT_NAME = "$(TARGET_NAME)";
				SWIFT_EMIT_LOC_STRINGS = YES;
				SWIFT_VERSION = 5.0;
				TARGETED_DEVICE_FAMILY = "1,2";
			};
			name = Release;
		};
		DB71C3E127A4248B00D83E8B /* Debug */ = {
			isa = XCBuildConfiguration;
			buildSettings = {
				ALWAYS_EMBED_SWIFT_STANDARD_LIBRARIES = YES;
				BUNDLE_LOADER = "$(TEST_HOST)";
				CODE_SIGN_STYLE = Automatic;
				CURRENT_PROJECT_VERSION = 1;
				GENERATE_INFOPLIST_FILE = YES;
				IPHONEOS_DEPLOYMENT_TARGET = 15.2;
				MARKETING_VERSION = 1.0;
				PRODUCT_BUNDLE_IDENTIFIER = student.ARkitSampleTests;
				PRODUCT_NAME = "$(TARGET_NAME)";
				SWIFT_EMIT_LOC_STRINGS = NO;
				SWIFT_VERSION = 5.0;
				TARGETED_DEVICE_FAMILY = "1,2";
				TEST_HOST = "$(BUILT_PRODUCTS_DIR)/ARkitSample.app/ARkitSample";
			};
			name = Debug;
		};
		DB71C3E227A4248B00D83E8B /* Release */ = {
			isa = XCBuildConfiguration;
			buildSettings = {
				ALWAYS_EMBED_SWIFT_STANDARD_LIBRARIES = YES;
				BUNDLE_LOADER = "$(TEST_HOST)";
				CODE_SIGN_STYLE = Automatic;
				CURRENT_PROJECT_VERSION = 1;
				GENERATE_INFOPLIST_FILE = YES;
				IPHONEOS_DEPLOYMENT_TARGET = 15.2;
				MARKETING_VERSION = 1.0;
				PRODUCT_BUNDLE_IDENTIFIER = student.ARkitSampleTests;
				PRODUCT_NAME = "$(TARGET_NAME)";
				SWIFT_EMIT_LOC_STRINGS = NO;
				SWIFT_VERSION = 5.0;
				TARGETED_DEVICE_FAMILY = "1,2";
				TEST_HOST = "$(BUILT_PRODUCTS_DIR)/ARkitSample.app/ARkitSample";
			};
			name = Release;
		};
		DB71C3E427A4248B00D83E8B /* Debug */ = {
			isa = XCBuildConfiguration;
			buildSettings = {
				ALWAYS_EMBED_SWIFT_STANDARD_LIBRARIES = YES;
				CODE_SIGN_STYLE = Automatic;
				CURRENT_PROJECT_VERSION = 1;
				GENERATE_INFOPLIST_FILE = YES;
				MARKETING_VERSION = 1.0;
				PRODUCT_BUNDLE_IDENTIFIER = student.ARkitSampleUITests;
				PRODUCT_NAME = "$(TARGET_NAME)";
				SWIFT_EMIT_LOC_STRINGS = NO;
				SWIFT_VERSION = 5.0;
				TARGETED_DEVICE_FAMILY = "1,2";
				TEST_TARGET_NAME = ARkitSample;
			};
			name = Debug;
		};
		DB71C3E527A4248B00D83E8B /* Release */ = {
			isa = XCBuildConfiguration;
			buildSettings = {
				ALWAYS_EMBED_SWIFT_STANDARD_LIBRARIES = YES;
				CODE_SIGN_STYLE = Automatic;
				CURRENT_PROJECT_VERSION = 1;
				GENERATE_INFOPLIST_FILE = YES;
				MARKETING_VERSION = 1.0;
				PRODUCT_BUNDLE_IDENTIFIER = student.ARkitSampleUITests;
				PRODUCT_NAME = "$(TARGET_NAME)";
				SWIFT_EMIT_LOC_STRINGS = NO;
				SWIFT_VERSION = 5.0;
				TARGETED_DEVICE_FAMILY = "1,2";
				TEST_TARGET_NAME = ARkitSample;
			};
			name = Release;
		};
/* End XCBuildConfiguration section */

/* Begin XCConfigurationList section */
		DB71C3AF27A4248900D83E8B /* Build configuration list for PBXProject "ARkitSample" */ = {
			isa = XCConfigurationList;
			buildConfigurations = (
				DB71C3DB27A4248B00D83E8B /* Debug */,
				DB71C3DC27A4248B00D83E8B /* Release */,
			);
			defaultConfigurationIsVisible = 0;
			defaultConfigurationName = Release;
		};
		DB71C3DD27A4248B00D83E8B /* Build configuration list for PBXNativeTarget "ARkitSample" */ = {
			isa = XCConfigurationList;
			buildConfigurations = (
				DB71C3DE27A4248B00D83E8B /* Debug */,
				DB71C3DF27A4248B00D83E8B /* Release */,
			);
			defaultConfigurationIsVisible = 0;
			defaultConfigurationName = Release;
		};
		DB71C3E027A4248B00D83E8B /* Build configuration list for PBXNativeTarget "ARkitSampleTests" */ = {
			isa = XCConfigurationList;
			buildConfigurations = (
				DB71C3E127A4248B00D83E8B /* Debug */,
				DB71C3E227A4248B00D83E8B /* Release */,
			);
			defaultConfigurationIsVisible = 0;
			defaultConfigurationName = Release;
		};
		DB71C3E327A4248B00D83E8B /* Build configuration list for PBXNativeTarget "ARkitSampleUITests" */ = {
			isa = XCConfigurationList;
			buildConfigurations = (
				DB71C3E427A4248B00D83E8B /* Debug */,
				DB71C3E527A4248B00D83E8B /* Release */,
			);
			defaultConfigurationIsVisible = 0;
			defaultConfigurationName = Release;
		};
/* End XCConfigurationList section */
	};
	rootObject = DB71C3AC27A4248900D83E8B /* Project object */;
}
